
Microsoft Visual Studio Solution File, Format Version 12.00
# Visual Studio Version 16
VisualStudioVersion = 16.0.30204.135
MinimumVisualStudioVersion = 10.0.40219.1
Project("{FAE04EC0-301F-11D3-BF4B-00C04F79EFBC}") = "Bodoconsult.Core.Typography", "Bodoconsult.Core.Typography\Bodoconsult.Core.Typography.csproj", "{51FD0673-60EE-4E3A-ADB9-1BB4C855D91A}"
EndProject
Project("{FAE04EC0-301F-11D3-BF4B-00C04F79EFBC}") = "Bodoconsult.Core.Typography.Test", "Bodoconsult.Core.Typography.Test\Bodoconsult.Core.Typography.Test.csproj", "{D8974D06-FBE5-434E-958F-96DDCA661078}"
EndProject
Global
	GlobalSection(SolutionConfigurationPlatforms) = preSolution
		Debug|Any CPU = Debug|Any CPU
		Release|Any CPU = Release|Any CPU
	EndGlobalSection
	GlobalSection(ProjectConfigurationPlatforms) = postSolution
		{51FD0673-60EE-4E3A-ADB9-1BB4C855D91A}.Debug|Any CPU.ActiveCfg = Debug|Any CPU
		{51FD0673-60EE-4E3A-ADB9-1BB4C855D91A}.Debug|Any CPU.Build.0 = Debug|Any CPU
		{51FD0673-60EE-4E3A-ADB9-1BB4C855D91A}.Release|Any CPU.ActiveCfg = Release|Any CPU
		{51FD0673-60EE-4E3A-ADB9-1BB4C855D91A}.Release|Any CPU.Build.0 = Release|Any CPU
		{D8974D06-FBE5-434E-958F-96DDCA661078}.Debug|Any CPU.ActiveCfg = Debug|Any CPU
		{D8974D06-FBE5-434E-958F-96DDCA661078}.Debug|Any CPU.Build.0 = Debug|Any CPU
		{D8974D06-FBE5-434E-958F-96DDCA661078}.Release|Any CPU.ActiveCfg = Release|Any CPU
		{D8974D06-FBE5-434E-958F-96DDCA661078}.Release|Any CPU.Build.0 = Release|Any CPU
	EndGlobalSection
	GlobalSection(SolutionProperties) = preSolution
		HideSolutionNode = FALSE
	EndGlobalSection
	GlobalSection(ExtensibilityGlobals) = postSolution
		SolutionGuid = {EF06EE36-775B-4626-A930-A6A232E25FFA}
	EndGlobalSection
EndGlobal
